
Microsoft Visual Studio Solution File, Format Version 12.00
# Visual Studio Version 17
VisualStudioVersion = 17.4.33213.308
MinimumVisualStudioVersion = 10.0.40219.1
Project("{FAE04EC0-301F-11D3-BF4B-00C04F79EFBC}") = "BookMyShow.Data", "BookMyShow.Data.csproj", "{4F62E4A9-AB6A-4E8B-8907-65B23C26C202}"
EndProject
Project("{FAE04EC0-301F-11D3-BF4B-00C04F79EFBC}") = "BookMyShowApp.API", "..\BookMyShowApp.API\BookMyShowApp.API.csproj", "{AA6F04BC-7B26-4621-B9E1-0D9CD41B27FC}"
EndProject
Global
	GlobalSection(SolutionConfigurationPlatforms) = preSolution
		Debug|Any CPU = Debug|Any CPU
		Release|Any CPU = Release|Any CPU
	EndGlobalSection
	GlobalSection(ProjectConfigurationPlatforms) = postSolution
		{4F62E4A9-AB6A-4E8B-8907-65B23C26C202}.Debug|Any CPU.ActiveCfg = Debug|Any CPU
		{4F62E4A9-AB6A-4E8B-8907-65B23C26C202}.Debug|Any CPU.Build.0 = Debug|Any CPU
		{4F62E4A9-AB6A-4E8B-8907-65B23C26C202}.Release|Any CPU.ActiveCfg = Release|Any CPU
		{4F62E4A9-AB6A-4E8B-8907-65B23C26C202}.Release|Any CPU.Build.0 = Release|Any CPU
		{AA6F04BC-7B26-4621-B9E1-0D9CD41B27FC}.Debug|Any CPU.ActiveCfg = Debug|Any CPU
		{AA6F04BC-7B26-4621-B9E1-0D9CD41B27FC}.Debug|Any CPU.Build.0 = Debug|Any CPU
		{AA6F04BC-7B26-4621-B9E1-0D9CD41B27FC}.Release|Any CPU.ActiveCfg = Release|Any CPU
		{AA6F04BC-7B26-4621-B9E1-0D9CD41B27FC}.Release|Any CPU.Build.0 = Release|Any CPU
	EndGlobalSection
	GlobalSection(SolutionProperties) = preSolution
		HideSolutionNode = FALSE
	EndGlobalSection
	GlobalSection(ExtensibilityGlobals) = postSolution
		SolutionGuid = {F1540496-4A56-4A1C-91F8-D34267B12E93}
	EndGlobalSection
EndGlobal
